
Microsoft Visual Studio Solution File, Format Version 12.00
# Visual Studio Version 16
VisualStudioVersion = 16.0.30907.101
MinimumVisualStudioVersion = 10.0.40219.1
Project("{FAE04EC0-301F-11D3-BF4B-00C04F79EFBC}") = "hegy", "hegy\hegy.csproj", "{F7892DD3-74D7-4689-B6C5-F85DB7997B7F}"
EndProject
Global
	GlobalSection(SolutionConfigurationPlatforms) = preSolution
		Debug|Any CPU = Debug|Any CPU
		Release|Any CPU = Release|Any CPU
	EndGlobalSection
	GlobalSection(ProjectConfigurationPlatforms) = postSolution
		{F7892DD3-74D7-4689-B6C5-F85DB7997B7F}.Debug|Any CPU.ActiveCfg = Debug|Any CPU
		{F7892DD3-74D7-4689-B6C5-F85DB7997B7F}.Debug|Any CPU.Build.0 = Debug|Any CPU
		{F7892DD3-74D7-4689-B6C5-F85DB7997B7F}.Release|Any CPU.ActiveCfg = Release|Any CPU
		{F7892DD3-74D7-4689-B6C5-F85DB7997B7F}.Release|Any CPU.Build.0 = Release|Any CPU
	EndGlobalSection
	GlobalSection(SolutionProperties) = preSolution
		HideSolutionNode = FALSE
	EndGlobalSection
	GlobalSection(ExtensibilityGlobals) = postSolution
		SolutionGuid = {A6AE9A51-CDDA-4869-921D-9648AA88D816}
	EndGlobalSection
EndGlobal
