
Microsoft Visual Studio Solution File, Format Version 12.00
# Visual Studio Version 16
VisualStudioVersion = 16.0.30523.141
MinimumVisualStudioVersion = 10.0.40219.1
Project("{FAE04EC0-301F-11D3-BF4B-00C04F79EFBC}") = "Fifa", "Fifa\Fifa.csproj", "{B19A2A16-7068-4942-93BF-2E8C30F66F13}"
EndProject
Global
	GlobalSection(SolutionConfigurationPlatforms) = preSolution
		Debug|Any CPU = Debug|Any CPU
		Release|Any CPU = Release|Any CPU
	EndGlobalSection
	GlobalSection(ProjectConfigurationPlatforms) = postSolution
		{B19A2A16-7068-4942-93BF-2E8C30F66F13}.Debug|Any CPU.ActiveCfg = Debug|Any CPU
		{B19A2A16-7068-4942-93BF-2E8C30F66F13}.Debug|Any CPU.Build.0 = Debug|Any CPU
		{B19A2A16-7068-4942-93BF-2E8C30F66F13}.Release|Any CPU.ActiveCfg = Release|Any CPU
		{B19A2A16-7068-4942-93BF-2E8C30F66F13}.Release|Any CPU.Build.0 = Release|Any CPU
	EndGlobalSection
	GlobalSection(SolutionProperties) = preSolution
		HideSolutionNode = FALSE
	EndGlobalSection
	GlobalSection(ExtensibilityGlobals) = postSolution
		SolutionGuid = {64D98E34-46B4-4EE1-8B5E-7913B33E6C14}
	EndGlobalSection
EndGlobal
