
Microsoft Visual Studio Solution File, Format Version 12.00
# Visual Studio Version 16
VisualStudioVersion = 16.0.30907.101
MinimumVisualStudioVersion = 10.0.40219.1
Project("{FAE04EC0-301F-11D3-BF4B-00C04F79EFBC}") = "Fuvar", "Fuvar\Fuvar.csproj", "{8B5235DC-C0BF-4076-84E0-E3FA13312FE8}"
EndProject
Global
	GlobalSection(SolutionConfigurationPlatforms) = preSolution
		Debug|Any CPU = Debug|Any CPU
		Release|Any CPU = Release|Any CPU
	EndGlobalSection
	GlobalSection(ProjectConfigurationPlatforms) = postSolution
		{8B5235DC-C0BF-4076-84E0-E3FA13312FE8}.Debug|Any CPU.ActiveCfg = Debug|Any CPU
		{8B5235DC-C0BF-4076-84E0-E3FA13312FE8}.Debug|Any CPU.Build.0 = Debug|Any CPU
		{8B5235DC-C0BF-4076-84E0-E3FA13312FE8}.Release|Any CPU.ActiveCfg = Release|Any CPU
		{8B5235DC-C0BF-4076-84E0-E3FA13312FE8}.Release|Any CPU.Build.0 = Release|Any CPU
	EndGlobalSection
	GlobalSection(SolutionProperties) = preSolution
		HideSolutionNode = FALSE
	EndGlobalSection
	GlobalSection(ExtensibilityGlobals) = postSolution
		SolutionGuid = {B9B42EEC-F1F3-4F0E-820C-5E85D8DE60D1}
	EndGlobalSection
EndGlobal
